// !$*UTF8*$!
{
	archiveVersion = 1;
	classes = {
	};
	objectVersion = 56;
	objects = {

/* Begin PBXBuildFile section */
		532E091C2C91B2CB004C3864 /* Size.swift in Sources */ = {isa = PBXBuildFile; fileRef = 532E091B2C91B2CB004C3864 /* Size.swift */; };
		532E091E2C91D0C2004C3864 /* CountriesResponse.swift in Sources */ = {isa = PBXBuildFile; fileRef = 532E091D2C91D0C2004C3864 /* CountriesResponse.swift */; };
		5345DB712C8F00E6006051D8 /* CountriesViewModel.swift in Sources */ = {isa = PBXBuildFile; fileRef = 5345DB702C8F00E6006051D8 /* CountriesViewModel.swift */; };
		5345DB732C8F0AF4006051D8 /* CountryDetailView.swift in Sources */ = {isa = PBXBuildFile; fileRef = 5345DB722C8F0AF4006051D8 /* CountryDetailView.swift */; };
		5345DB752C8F263C006051D8 /* Localizable.xcstrings in Resources */ = {isa = PBXBuildFile; fileRef = 5345DB742C8F263C006051D8 /* Localizable.xcstrings */; };
		537C7ADC2C91980000368C01 /* CountriesListRow.swift in Sources */ = {isa = PBXBuildFile; fileRef = 537C7ADB2C91980000368C01 /* CountriesListRow.swift */; };
		5384B7312C91816200BE6363 /* CountryDetailViewModel.swift in Sources */ = {isa = PBXBuildFile; fileRef = 5384B7302C91816200BE6363 /* CountryDetailViewModel.swift */; };
		5384B7332C9182F600BE6363 /* Country.swift in Sources */ = {isa = PBXBuildFile; fileRef = 5384B7322C9182F600BE6363 /* Country.swift */; };
		5384B7352C9184A000BE6363 /* CountryDetailType.swift in Sources */ = {isa = PBXBuildFile; fileRef = 5384B7342C9184A000BE6363 /* CountryDetailType.swift */; };
		5384B7372C91853F00BE6363 /* SFSymbol.swift in Sources */ = {isa = PBXBuildFile; fileRef = 5384B7362C91853F00BE6363 /* SFSymbol.swift */; };
		5384B7392C91892200BE6363 /* LocalizedStrings.swift in Sources */ = {isa = PBXBuildFile; fileRef = 5384B7382C91892200BE6363 /* LocalizedStrings.swift */; };
		5384B73B2C9189EC00BE6363 /* CountryDetailSegmentView.swift in Sources */ = {isa = PBXBuildFile; fileRef = 5384B73A2C9189EC00BE6363 /* CountryDetailSegmentView.swift */; };
		53A9B8072C9251770004ABD8 /* CountriesListView.swift in Sources */ = {isa = PBXBuildFile; fileRef = 53A9B8062C9251770004ABD8 /* CountriesListView.swift */; };
		53A9B8092C92EFA60004ABD8 /* CountryDetailViewModelTests.swift in Sources */ = {isa = PBXBuildFile; fileRef = 53A9B8082C92EFA60004ABD8 /* CountryDetailViewModelTests.swift */; };
		53A9B80B2C92F11C0004ABD8 /* CountriesResponseTests.swift in Sources */ = {isa = PBXBuildFile; fileRef = 53A9B80A2C92F11C0004ABD8 /* CountriesResponseTests.swift */; };
		53A9B80D2C92F4FE0004ABD8 /* MockURLProtocol.swift in Sources */ = {isa = PBXBuildFile; fileRef = 53A9B80C2C92F4FE0004ABD8 /* MockURLProtocol.swift */; };
		53D1CCDD2C92264B00778434 /* CountriesAPI.swift in Sources */ = {isa = PBXBuildFile; fileRef = 53D1CCDC2C92264B00778434 /* CountriesAPI.swift */; };
		53D1CCDF2C92280800778434 /* Endpoint.swift in Sources */ = {isa = PBXBuildFile; fileRef = 53D1CCDE2C92280800778434 /* Endpoint.swift */; };
		53D1CCE12C922D2800778434 /* HTTPMethod.swift in Sources */ = {isa = PBXBuildFile; fileRef = 53D1CCE02C922D2800778434 /* HTTPMethod.swift */; };
		53D1CCE32C922D7000778434 /* GetCountriesEndpoint.swift in Sources */ = {isa = PBXBuildFile; fileRef = 53D1CCE22C922D7000778434 /* GetCountriesEndpoint.swift */; };
		53EFAA582C8DC31F00AEAE35 /* MajorityApp.swift in Sources */ = {isa = PBXBuildFile; fileRef = 53EFAA572C8DC31F00AEAE35 /* MajorityApp.swift */; };
		53EFAA5A2C8DC31F00AEAE35 /* CountriesView.swift in Sources */ = {isa = PBXBuildFile; fileRef = 53EFAA592C8DC31F00AEAE35 /* CountriesView.swift */; };
		53EFAA5C2C8DC32100AEAE35 /* Assets.xcassets in Resources */ = {isa = PBXBuildFile; fileRef = 53EFAA5B2C8DC32100AEAE35 /* Assets.xcassets */; };
		53EFAA5F2C8DC32100AEAE35 /* Preview Assets.xcassets in Resources */ = {isa = PBXBuildFile; fileRef = 53EFAA5E2C8DC32100AEAE35 /* Preview Assets.xcassets */; };
		53EFAA692C8DC32100AEAE35 /* CountriesAPITests.swift in Sources */ = {isa = PBXBuildFile; fileRef = 53EFAA682C8DC32100AEAE35 /* CountriesAPITests.swift */; };
		53EFAA732C8DC32200AEAE35 /* MajorityUITests.swift in Sources */ = {isa = PBXBuildFile; fileRef = 53EFAA722C8DC32200AEAE35 /* MajorityUITests.swift */; };
		53EFAA752C8DC32200AEAE35 /* MajorityUITestsLaunchTests.swift in Sources */ = {isa = PBXBuildFile; fileRef = 53EFAA742C8DC32200AEAE35 /* MajorityUITestsLaunchTests.swift */; };
		53EFAA822C8DEC8000AEAE35 /* NetworkManager.swift in Sources */ = {isa = PBXBuildFile; fileRef = 53EFAA812C8DEC8000AEAE35 /* NetworkManager.swift */; };
/* End PBXBuildFile section */

/* Begin PBXContainerItemProxy section */
		53EFAA652C8DC32100AEAE35 /* PBXContainerItemProxy */ = {
			isa = PBXContainerItemProxy;
			containerPortal = 53EFAA4C2C8DC31F00AEAE35 /* Project object */;
			proxyType = 1;
			remoteGlobalIDString = 53EFAA532C8DC31F00AEAE35;
			remoteInfo = Majority;
		};
		53EFAA6F2C8DC32200AEAE35 /* PBXContainerItemProxy */ = {
			isa = PBXContainerItemProxy;
			containerPortal = 53EFAA4C2C8DC31F00AEAE35 /* Project object */;
			proxyType = 1;
			remoteGlobalIDString = 53EFAA532C8DC31F00AEAE35;
			remoteInfo = Majority;
		};
/* End PBXContainerItemProxy section */

/* Begin PBXFileReference section */
		532E091B2C91B2CB004C3864 /* Size.swift */ = {isa = PBXFileReference; lastKnownFileType = sourcecode.swift; path = Size.swift; sourceTree = "<group>"; };
		532E091D2C91D0C2004C3864 /* CountriesResponse.swift */ = {isa = PBXFileReference; lastKnownFileType = sourcecode.swift; path = CountriesResponse.swift; sourceTree = "<group>"; };
		5345DB702C8F00E6006051D8 /* CountriesViewModel.swift */ = {isa = PBXFileReference; lastKnownFileType = sourcecode.swift; path = CountriesViewModel.swift; sourceTree = "<group>"; };
		5345DB722C8F0AF4006051D8 /* CountryDetailView.swift */ = {isa = PBXFileReference; lastKnownFileType = sourcecode.swift; path = CountryDetailView.swift; sourceTree = "<group>"; };
		5345DB742C8F263C006051D8 /* Localizable.xcstrings */ = {isa = PBXFileReference; lastKnownFileType = text.json.xcstrings; path = Localizable.xcstrings; sourceTree = "<group>"; };
		537C7ADB2C91980000368C01 /* CountriesListRow.swift */ = {isa = PBXFileReference; lastKnownFileType = sourcecode.swift; path = CountriesListRow.swift; sourceTree = "<group>"; };
		5384B7302C91816200BE6363 /* CountryDetailViewModel.swift */ = {isa = PBXFileReference; lastKnownFileType = sourcecode.swift; path = CountryDetailViewModel.swift; sourceTree = "<group>"; };
		5384B7322C9182F600BE6363 /* Country.swift */ = {isa = PBXFileReference; lastKnownFileType = sourcecode.swift; path = Country.swift; sourceTree = "<group>"; };
		5384B7342C9184A000BE6363 /* CountryDetailType.swift */ = {isa = PBXFileReference; lastKnownFileType = sourcecode.swift; path = CountryDetailType.swift; sourceTree = "<group>"; };
		5384B7362C91853F00BE6363 /* SFSymbol.swift */ = {isa = PBXFileReference; lastKnownFileType = sourcecode.swift; path = SFSymbol.swift; sourceTree = "<group>"; };
		5384B7382C91892200BE6363 /* LocalizedStrings.swift */ = {isa = PBXFileReference; lastKnownFileType = sourcecode.swift; path = LocalizedStrings.swift; sourceTree = "<group>"; };
		5384B73A2C9189EC00BE6363 /* CountryDetailSegmentView.swift */ = {isa = PBXFileReference; lastKnownFileType = sourcecode.swift; path = CountryDetailSegmentView.swift; sourceTree = "<group>"; };
		53A9B8062C9251770004ABD8 /* CountriesListView.swift */ = {isa = PBXFileReference; lastKnownFileType = sourcecode.swift; path = CountriesListView.swift; sourceTree = "<group>"; };
		53A9B8082C92EFA60004ABD8 /* CountryDetailViewModelTests.swift */ = {isa = PBXFileReference; lastKnownFileType = sourcecode.swift; path = CountryDetailViewModelTests.swift; sourceTree = "<group>"; };
		53A9B80A2C92F11C0004ABD8 /* CountriesResponseTests.swift */ = {isa = PBXFileReference; lastKnownFileType = sourcecode.swift; path = CountriesResponseTests.swift; sourceTree = "<group>"; };
		53A9B80C2C92F4FE0004ABD8 /* MockURLProtocol.swift */ = {isa = PBXFileReference; lastKnownFileType = sourcecode.swift; path = MockURLProtocol.swift; sourceTree = "<group>"; };
		53D1CCDC2C92264B00778434 /* CountriesAPI.swift */ = {isa = PBXFileReference; lastKnownFileType = sourcecode.swift; path = CountriesAPI.swift; sourceTree = "<group>"; };
		53D1CCDE2C92280800778434 /* Endpoint.swift */ = {isa = PBXFileReference; lastKnownFileType = sourcecode.swift; path = Endpoint.swift; sourceTree = "<group>"; };
		53D1CCE02C922D2800778434 /* HTTPMethod.swift */ = {isa = PBXFileReference; lastKnownFileType = sourcecode.swift; path = HTTPMethod.swift; sourceTree = "<group>"; };
		53D1CCE22C922D7000778434 /* GetCountriesEndpoint.swift */ = {isa = PBXFileReference; lastKnownFileType = sourcecode.swift; path = GetCountriesEndpoint.swift; sourceTree = "<group>"; };
		53EFAA542C8DC31F00AEAE35 /* Majority.app */ = {isa = PBXFileReference; explicitFileType = wrapper.application; includeInIndex = 0; path = Majority.app; sourceTree = BUILT_PRODUCTS_DIR; };
		53EFAA572C8DC31F00AEAE35 /* MajorityApp.swift */ = {isa = PBXFileReference; lastKnownFileType = sourcecode.swift; path = MajorityApp.swift; sourceTree = "<group>"; };
		53EFAA592C8DC31F00AEAE35 /* CountriesView.swift */ = {isa = PBXFileReference; lastKnownFileType = sourcecode.swift; path = CountriesView.swift; sourceTree = "<group>"; };
		53EFAA5B2C8DC32100AEAE35 /* Assets.xcassets */ = {isa = PBXFileReference; lastKnownFileType = folder.assetcatalog; path = Assets.xcassets; sourceTree = "<group>"; };
		53EFAA5E2C8DC32100AEAE35 /* Preview Assets.xcassets */ = {isa = PBXFileReference; lastKnownFileType = folder.assetcatalog; path = "Preview Assets.xcassets"; sourceTree = "<group>"; };
		53EFAA642C8DC32100AEAE35 /* MajorityTests.xctest */ = {isa = PBXFileReference; explicitFileType = wrapper.cfbundle; includeInIndex = 0; path = MajorityTests.xctest; sourceTree = BUILT_PRODUCTS_DIR; };
		53EFAA682C8DC32100AEAE35 /* CountriesAPITests.swift */ = {isa = PBXFileReference; lastKnownFileType = sourcecode.swift; path = CountriesAPITests.swift; sourceTree = "<group>"; };
		53EFAA6E2C8DC32200AEAE35 /* MajorityUITests.xctest */ = {isa = PBXFileReference; explicitFileType = wrapper.cfbundle; includeInIndex = 0; path = MajorityUITests.xctest; sourceTree = BUILT_PRODUCTS_DIR; };
		53EFAA722C8DC32200AEAE35 /* MajorityUITests.swift */ = {isa = PBXFileReference; lastKnownFileType = sourcecode.swift; path = MajorityUITests.swift; sourceTree = "<group>"; };
		53EFAA742C8DC32200AEAE35 /* MajorityUITestsLaunchTests.swift */ = {isa = PBXFileReference; lastKnownFileType = sourcecode.swift; path = MajorityUITestsLaunchTests.swift; sourceTree = "<group>"; };
		53EFAA812C8DEC8000AEAE35 /* NetworkManager.swift */ = {isa = PBXFileReference; lastKnownFileType = sourcecode.swift; path = NetworkManager.swift; sourceTree = "<group>"; };
/* End PBXFileReference section */

/* Begin PBXFrameworksBuildPhase section */
		53EFAA512C8DC31F00AEAE35 /* Frameworks */ = {
			isa = PBXFrameworksBuildPhase;
			buildActionMask = 2147483647;
			files = (
			);
			runOnlyForDeploymentPostprocessing = 0;
		};
		53EFAA612C8DC32100AEAE35 /* Frameworks */ = {
			isa = PBXFrameworksBuildPhase;
			buildActionMask = 2147483647;
			files = (
			);
			runOnlyForDeploymentPostprocessing = 0;
		};
		53EFAA6B2C8DC32200AEAE35 /* Frameworks */ = {
			isa = PBXFrameworksBuildPhase;
			buildActionMask = 2147483647;
			files = (
			);
			runOnlyForDeploymentPostprocessing = 0;
		};
/* End PBXFrameworksBuildPhase section */

/* Begin PBXGroup section */
		537C7ADD2C91989100368C01 /* CountriesList */ = {
			isa = PBXGroup;
			children = (
				53EFAA592C8DC31F00AEAE35 /* CountriesView.swift */,
				53A9B8062C9251770004ABD8 /* CountriesListView.swift */,
				537C7ADB2C91980000368C01 /* CountriesListRow.swift */,
				5345DB702C8F00E6006051D8 /* CountriesViewModel.swift */,
			);
			path = CountriesList;
			sourceTree = "<group>";
		};
		537C7ADE2C9198A200368C01 /* CountryDetail */ = {
			isa = PBXGroup;
			children = (
				5345DB722C8F0AF4006051D8 /* CountryDetailView.swift */,
				5384B7302C91816200BE6363 /* CountryDetailViewModel.swift */,
				5384B73A2C9189EC00BE6363 /* CountryDetailSegmentView.swift */,
				5384B7342C9184A000BE6363 /* CountryDetailType.swift */,
			);
			path = CountryDetail;
			sourceTree = "<group>";
		};
		537C7ADF2C9198C200368C01 /* UI Constants */ = {
			isa = PBXGroup;
			children = (
				5384B7382C91892200BE6363 /* LocalizedStrings.swift */,
				5384B7362C91853F00BE6363 /* SFSymbol.swift */,
				532E091B2C91B2CB004C3864 /* Size.swift */,
			);
			path = "UI Constants";
			sourceTree = "<group>";
		};
		537C7AE02C9198E300368C01 /* Networking */ = {
			isa = PBXGroup;
			children = (
				53EFAA812C8DEC8000AEAE35 /* NetworkManager.swift */,
				53D1CCDE2C92280800778434 /* Endpoint.swift */,
				53D1CCE02C922D2800778434 /* HTTPMethod.swift */,
			);
			path = Networking;
			sourceTree = "<group>";
		};
		537C7AE52C91998B00368C01 /* Models */ = {
			isa = PBXGroup;
			children = (
				5384B7322C9182F600BE6363 /* Country.swift */,
				532E091D2C91D0C2004C3864 /* CountriesResponse.swift */,
			);
			path = Models;
			sourceTree = "<group>";
		};
		53D1CCE42C922E5700778434 /* APIs */ = {
			isa = PBXGroup;
			children = (
				53D1CCDC2C92264B00778434 /* CountriesAPI.swift */,
				53D1CCE22C922D7000778434 /* GetCountriesEndpoint.swift */,
			);
			path = APIs;
			sourceTree = "<group>";
		};
		53EFAA4B2C8DC31F00AEAE35 = {
			isa = PBXGroup;
			children = (
				53EFAA562C8DC31F00AEAE35 /* Majority */,
				53EFAA672C8DC32100AEAE35 /* MajorityTests */,
				53EFAA712C8DC32200AEAE35 /* MajorityUITests */,
				53EFAA552C8DC31F00AEAE35 /* Products */,
			);
			sourceTree = "<group>";
		};
		53EFAA552C8DC31F00AEAE35 /* Products */ = {
			isa = PBXGroup;
			children = (
				53EFAA542C8DC31F00AEAE35 /* Majority.app */,
				53EFAA642C8DC32100AEAE35 /* MajorityTests.xctest */,
				53EFAA6E2C8DC32200AEAE35 /* MajorityUITests.xctest */,
			);
			name = Products;
			sourceTree = "<group>";
		};
		53EFAA562C8DC31F00AEAE35 /* Majority */ = {
			isa = PBXGroup;
			children = (
				53EFAA572C8DC31F00AEAE35 /* MajorityApp.swift */,
				537C7ADD2C91989100368C01 /* CountriesList */,
				537C7ADE2C9198A200368C01 /* CountryDetail */,
				537C7ADF2C9198C200368C01 /* UI Constants */,
				537C7AE52C91998B00368C01 /* Models */,
				537C7AE02C9198E300368C01 /* Networking */,
				53D1CCE42C922E5700778434 /* APIs */,
				53EFAA5B2C8DC32100AEAE35 /* Assets.xcassets */,
				5345DB742C8F263C006051D8 /* Localizable.xcstrings */,
				53EFAA5D2C8DC32100AEAE35 /* Preview Content */,
			);
			path = Majority;
			sourceTree = "<group>";
		};
		53EFAA5D2C8DC32100AEAE35 /* Preview Content */ = {
			isa = PBXGroup;
			children = (
				53EFAA5E2C8DC32100AEAE35 /* Preview Assets.xcassets */,
			);
			path = "Preview Content";
			sourceTree = "<group>";
		};
		53EFAA672C8DC32100AEAE35 /* MajorityTests */ = {
			isa = PBXGroup;
			children = (
				53EFAA682C8DC32100AEAE35 /* CountriesAPITests.swift */,
				53A9B8082C92EFA60004ABD8 /* CountryDetailViewModelTests.swift */,
				53A9B80A2C92F11C0004ABD8 /* CountriesResponseTests.swift */,
				53A9B80C2C92F4FE0004ABD8 /* MockURLProtocol.swift */,
			);
			path = MajorityTests;
			sourceTree = "<group>";
		};
		53EFAA712C8DC32200AEAE35 /* MajorityUITests */ = {
			isa = PBXGroup;
			children = (
				53EFAA722C8DC32200AEAE35 /* MajorityUITests.swift */,
				53EFAA742C8DC32200AEAE35 /* MajorityUITestsLaunchTests.swift */,
			);
			path = MajorityUITests;
			sourceTree = "<group>";
		};
/* End PBXGroup section */

/* Begin PBXNativeTarget section */
		53EFAA532C8DC31F00AEAE35 /* Majority */ = {
			isa = PBXNativeTarget;
			buildConfigurationList = 53EFAA782C8DC32200AEAE35 /* Build configuration list for PBXNativeTarget "Majority" */;
			buildPhases = (
				53EFAA502C8DC31F00AEAE35 /* Sources */,
				53EFAA512C8DC31F00AEAE35 /* Frameworks */,
				53EFAA522C8DC31F00AEAE35 /* Resources */,
			);
			buildRules = (
			);
			dependencies = (
			);
			name = Majority;
			productName = Majority;
			productReference = 53EFAA542C8DC31F00AEAE35 /* Majority.app */;
			productType = "com.apple.product-type.application";
		};
		53EFAA632C8DC32100AEAE35 /* MajorityTests */ = {
			isa = PBXNativeTarget;
			buildConfigurationList = 53EFAA7B2C8DC32200AEAE35 /* Build configuration list for PBXNativeTarget "MajorityTests" */;
			buildPhases = (
				53EFAA602C8DC32100AEAE35 /* Sources */,
				53EFAA612C8DC32100AEAE35 /* Frameworks */,
				53EFAA622C8DC32100AEAE35 /* Resources */,
			);
			buildRules = (
			);
			dependencies = (
				53EFAA662C8DC32100AEAE35 /* PBXTargetDependency */,
			);
			name = MajorityTests;
			productName = MajorityTests;
			productReference = 53EFAA642C8DC32100AEAE35 /* MajorityTests.xctest */;
			productType = "com.apple.product-type.bundle.unit-test";
		};
		53EFAA6D2C8DC32200AEAE35 /* MajorityUITests */ = {
			isa = PBXNativeTarget;
			buildConfigurationList = 53EFAA7E2C8DC32200AEAE35 /* Build configuration list for PBXNativeTarget "MajorityUITests" */;
			buildPhases = (
				53EFAA6A2C8DC32200AEAE35 /* Sources */,
				53EFAA6B2C8DC32200AEAE35 /* Frameworks */,
				53EFAA6C2C8DC32200AEAE35 /* Resources */,
			);
			buildRules = (
			);
			dependencies = (
				53EFAA702C8DC32200AEAE35 /* PBXTargetDependency */,
			);
			name = MajorityUITests;
			productName = MajorityUITests;
			productReference = 53EFAA6E2C8DC32200AEAE35 /* MajorityUITests.xctest */;
			productType = "com.apple.product-type.bundle.ui-testing";
		};
/* End PBXNativeTarget section */

/* Begin PBXProject section */
		53EFAA4C2C8DC31F00AEAE35 /* Project object */ = {
			isa = PBXProject;
			attributes = {
				BuildIndependentTargetsInParallel = 1;
				LastSwiftUpdateCheck = 1540;
				LastUpgradeCheck = 1540;
				TargetAttributes = {
					53EFAA532C8DC31F00AEAE35 = {
						CreatedOnToolsVersion = 15.4;
					};
					53EFAA632C8DC32100AEAE35 = {
						CreatedOnToolsVersion = 15.4;
						TestTargetID = 53EFAA532C8DC31F00AEAE35;
					};
					53EFAA6D2C8DC32200AEAE35 = {
						CreatedOnToolsVersion = 15.4;
						TestTargetID = 53EFAA532C8DC31F00AEAE35;
					};
				};
			};
			buildConfigurationList = 53EFAA4F2C8DC31F00AEAE35 /* Build configuration list for PBXProject "Majority" */;
			compatibilityVersion = "Xcode 14.0";
			developmentRegion = en;
			hasScannedForEncodings = 0;
			knownRegions = (
				en,
				Base,
				sv,
			);
			mainGroup = 53EFAA4B2C8DC31F00AEAE35;
			productRefGroup = 53EFAA552C8DC31F00AEAE35 /* Products */;
			projectDirPath = "";
			projectRoot = "";
			targets = (
				53EFAA532C8DC31F00AEAE35 /* Majority */,
				53EFAA632C8DC32100AEAE35 /* MajorityTests */,
				53EFAA6D2C8DC32200AEAE35 /* MajorityUITests */,
			);
		};
/* End PBXProject section */

/* Begin PBXResourcesBuildPhase section */
		53EFAA522C8DC31F00AEAE35 /* Resources */ = {
			isa = PBXResourcesBuildPhase;
			buildActionMask = 2147483647;
			files = (
				53EFAA5F2C8DC32100AEAE35 /* Preview Assets.xcassets in Resources */,
				53EFAA5C2C8DC32100AEAE35 /* Assets.xcassets in Resources */,
				5345DB752C8F263C006051D8 /* Localizable.xcstrings in Resources */,
			);
			runOnlyForDeploymentPostprocessing = 0;
		};
		53EFAA622C8DC32100AEAE35 /* Resources */ = {
			isa = PBXResourcesBuildPhase;
			buildActionMask = 2147483647;
			files = (
			);
			runOnlyForDeploymentPostprocessing = 0;
		};
		53EFAA6C2C8DC32200AEAE35 /* Resources */ = {
			isa = PBXResourcesBuildPhase;
			buildActionMask = 2147483647;
			files = (
			);
			runOnlyForDeploymentPostprocessing = 0;
		};
/* End PBXResourcesBuildPhase section */

/* Begin PBXSourcesBuildPhase section */
		53EFAA502C8DC31F00AEAE35 /* Sources */ = {
			isa = PBXSourcesBuildPhase;
			buildActionMask = 2147483647;
			files = (
				5384B7332C9182F600BE6363 /* Country.swift in Sources */,
				532E091E2C91D0C2004C3864 /* CountriesResponse.swift in Sources */,
				5384B73B2C9189EC00BE6363 /* CountryDetailSegmentView.swift in Sources */,
				5384B7392C91892200BE6363 /* LocalizedStrings.swift in Sources */,
				53A9B8072C9251770004ABD8 /* CountriesListView.swift in Sources */,
				53EFAA822C8DEC8000AEAE35 /* NetworkManager.swift in Sources */,
				53D1CCE32C922D7000778434 /* GetCountriesEndpoint.swift in Sources */,
				5384B7372C91853F00BE6363 /* SFSymbol.swift in Sources */,
				537C7ADC2C91980000368C01 /* CountriesListRow.swift in Sources */,
				53EFAA5A2C8DC31F00AEAE35 /* CountriesView.swift in Sources */,
				5384B7312C91816200BE6363 /* CountryDetailViewModel.swift in Sources */,
				5345DB712C8F00E6006051D8 /* CountriesViewModel.swift in Sources */,
				53D1CCDF2C92280800778434 /* Endpoint.swift in Sources */,
				53D1CCDD2C92264B00778434 /* CountriesAPI.swift in Sources */,
				53D1CCE12C922D2800778434 /* HTTPMethod.swift in Sources */,
				5384B7352C9184A000BE6363 /* CountryDetailType.swift in Sources */,
				53EFAA582C8DC31F00AEAE35 /* MajorityApp.swift in Sources */,
				5345DB732C8F0AF4006051D8 /* CountryDetailView.swift in Sources */,
				532E091C2C91B2CB004C3864 /* Size.swift in Sources */,
			);
			runOnlyForDeploymentPostprocessing = 0;
		};
		53EFAA602C8DC32100AEAE35 /* Sources */ = {
			isa = PBXSourcesBuildPhase;
			buildActionMask = 2147483647;
			files = (
				53A9B8092C92EFA60004ABD8 /* CountryDetailViewModelTests.swift in Sources */,
				53A9B80B2C92F11C0004ABD8 /* CountriesResponseTests.swift in Sources */,
				53EFAA692C8DC32100AEAE35 /* CountriesAPITests.swift in Sources */,
				53A9B80D2C92F4FE0004ABD8 /* MockURLProtocol.swift in Sources */,
			);
			runOnlyForDeploymentPostprocessing = 0;
		};
		53EFAA6A2C8DC32200AEAE35 /* Sources */ = {
			isa = PBXSourcesBuildPhase;
			buildActionMask = 2147483647;
			files = (
				53EFAA752C8DC32200AEAE35 /* MajorityUITestsLaunchTests.swift in Sources */,
				53EFAA732C8DC32200AEAE35 /* MajorityUITests.swift in Sources */,
			);
			runOnlyForDeploymentPostprocessing = 0;
		};
/* End PBXSourcesBuildPhase section */

/* Begin PBXTargetDependency section */
		53EFAA662C8DC32100AEAE35 /* PBXTargetDependency */ = {
			isa = PBXTargetDependency;
			target = 53EFAA532C8DC31F00AEAE35 /* Majority */;
			targetProxy = 53EFAA652C8DC32100AEAE35 /* PBXContainerItemProxy */;
		};
		53EFAA702C8DC32200AEAE35 /* PBXTargetDependency */ = {
			isa = PBXTargetDependency;
			target = 53EFAA532C8DC31F00AEAE35 /* Majority */;
			targetProxy = 53EFAA6F2C8DC32200AEAE35 /* PBXContainerItemProxy */;
		};
/* End PBXTargetDependency section */

/* Begin XCBuildConfiguration section */
		53EFAA762C8DC32200AEAE35 /* Debug */ = {
			isa = XCBuildConfiguration;
			buildSettings = {
				ALWAYS_SEARCH_USER_PATHS = NO;
				ASSETCATALOG_COMPILER_GENERATE_SWIFT_ASSET_SYMBOL_EXTENSIONS = YES;
				CLANG_ANALYZER_NONNULL = YES;
				CLANG_ANALYZER_NUMBER_OBJECT_CONVERSION = YES_AGGRESSIVE;
				CLANG_CXX_LANGUAGE_STANDARD = "gnu++20";
				CLANG_ENABLE_MODULES = YES;
				CLANG_ENABLE_OBJC_ARC = YES;
				CLANG_ENABLE_OBJC_WEAK = YES;
				CLANG_WARN_BLOCK_CAPTURE_AUTORELEASING = YES;
				CLANG_WARN_BOOL_CONVERSION = YES;
				CLANG_WARN_COMMA = YES;
				CLANG_WARN_CONSTANT_CONVERSION = YES;
				CLANG_WARN_DEPRECATED_OBJC_IMPLEMENTATIONS = YES;
				CLANG_WARN_DIRECT_OBJC_ISA_USAGE = YES_ERROR;
				CLANG_WARN_DOCUMENTATION_COMMENTS = YES;
				CLANG_WARN_EMPTY_BODY = YES;
				CLANG_WARN_ENUM_CONVERSION = YES;
				CLANG_WARN_INFINITE_RECURSION = YES;
				CLANG_WARN_INT_CONVERSION = YES;
				CLANG_WARN_NON_LITERAL_NULL_CONVERSION = YES;
				CLANG_WARN_OBJC_IMPLICIT_RETAIN_SELF = YES;
				CLANG_WARN_OBJC_LITERAL_CONVERSION = YES;
				CLANG_WARN_OBJC_ROOT_CLASS = YES_ERROR;
				CLANG_WARN_QUOTED_INCLUDE_IN_FRAMEWORK_HEADER = YES;
				CLANG_WARN_RANGE_LOOP_ANALYSIS = YES;
				CLANG_WARN_STRICT_PROTOTYPES = YES;
				CLANG_WARN_SUSPICIOUS_MOVE = YES;
				CLANG_WARN_UNGUARDED_AVAILABILITY = YES_AGGRESSIVE;
				CLANG_WARN_UNREACHABLE_CODE = YES;
				CLANG_WARN__DUPLICATE_METHOD_MATCH = YES;
				COPY_PHASE_STRIP = NO;
				DEBUG_INFORMATION_FORMAT = dwarf;
				ENABLE_STRICT_OBJC_MSGSEND = YES;
				ENABLE_TESTABILITY = YES;
				ENABLE_USER_SCRIPT_SANDBOXING = YES;
				GCC_C_LANGUAGE_STANDARD = gnu17;
				GCC_DYNAMIC_NO_PIC = NO;
				GCC_NO_COMMON_BLOCKS = YES;
				GCC_OPTIMIZATION_LEVEL = 0;
				GCC_PREPROCESSOR_DEFINITIONS = (
					"DEBUG=1",
					"$(inherited)",
				);
				GCC_WARN_64_TO_32_BIT_CONVERSION = YES;
				GCC_WARN_ABOUT_RETURN_TYPE = YES_ERROR;
				GCC_WARN_UNDECLARED_SELECTOR = YES;
				GCC_WARN_UNINITIALIZED_AUTOS = YES_AGGRESSIVE;
				GCC_WARN_UNUSED_FUNCTION = YES;
				GCC_WARN_UNUSED_VARIABLE = YES;
				IPHONEOS_DEPLOYMENT_TARGET = 17.5;
				LOCALIZATION_PREFERS_STRING_CATALOGS = YES;
				MTL_ENABLE_DEBUG_INFO = INCLUDE_SOURCE;
				MTL_FAST_MATH = YES;
				ONLY_ACTIVE_ARCH = YES;
				SDKROOT = iphoneos;
				SWIFT_ACTIVE_COMPILATION_CONDITIONS = "DEBUG $(inherited)";
				SWIFT_OPTIMIZATION_LEVEL = "-Onone";
			};
			name = Debug;
		};
		53EFAA772C8DC32200AEAE35 /* Release */ = {
			isa = XCBuildConfiguration;
			buildSettings = {
				ALWAYS_SEARCH_USER_PATHS = NO;
				ASSETCATALOG_COMPILER_GENERATE_SWIFT_ASSET_SYMBOL_EXTENSIONS = YES;
				CLANG_ANALYZER_NONNULL = YES;
				CLANG_ANALYZER_NUMBER_OBJECT_CONVERSION = YES_AGGRESSIVE;
				CLANG_CXX_LANGUAGE_STANDARD = "gnu++20";
				CLANG_ENABLE_MODULES = YES;
				CLANG_ENABLE_OBJC_ARC = YES;
				CLANG_ENABLE_OBJC_WEAK = YES;
				CLANG_WARN_BLOCK_CAPTURE_AUTORELEASING = YES;
				CLANG_WARN_BOOL_CONVERSION = YES;
				CLANG_WARN_COMMA = YES;
				CLANG_WARN_CONSTANT_CONVERSION = YES;
				CLANG_WARN_DEPRECATED_OBJC_IMPLEMENTATIONS = YES;
				CLANG_WARN_DIRECT_OBJC_ISA_USAGE = YES_ERROR;
				CLANG_WARN_DOCUMENTATION_COMMENTS = YES;
				CLANG_WARN_EMPTY_BODY = YES;
				CLANG_WARN_ENUM_CONVERSION = YES;
				CLANG_WARN_INFINITE_RECURSION = YES;
				CLANG_WARN_INT_CONVERSION = YES;
				CLANG_WARN_NON_LITERAL_NULL_CONVERSION = YES;
				CLANG_WARN_OBJC_IMPLICIT_RETAIN_SELF = YES;
				CLANG_WARN_OBJC_LITERAL_CONVERSION = YES;
				CLANG_WARN_OBJC_ROOT_CLASS = YES_ERROR;
				CLANG_WARN_QUOTED_INCLUDE_IN_FRAMEWORK_HEADER = YES;
				CLANG_WARN_RANGE_LOOP_ANALYSIS = YES;
				CLANG_WARN_STRICT_PROTOTYPES = YES;
				CLANG_WARN_SUSPICIOUS_MOVE = YES;
				CLANG_WARN_UNGUARDED_AVAILABILITY = YES_AGGRESSIVE;
				CLANG_WARN_UNREACHABLE_CODE = YES;
				CLANG_WARN__DUPLICATE_METHOD_MATCH = YES;
				COPY_PHASE_STRIP = NO;
				DEBUG_INFORMATION_FORMAT = "dwarf-with-dsym";
				ENABLE_NS_ASSERTIONS = NO;
				ENABLE_STRICT_OBJC_MSGSEND = YES;
				ENABLE_USER_SCRIPT_SANDBOXING = YES;
				GCC_C_LANGUAGE_STANDARD = gnu17;
				GCC_NO_COMMON_BLOCKS = YES;
				GCC_WARN_64_TO_32_BIT_CONVERSION = YES;
				GCC_WARN_ABOUT_RETURN_TYPE = YES_ERROR;
				GCC_WARN_UNDECLARED_SELECTOR = YES;
				GCC_WARN_UNINITIALIZED_AUTOS = YES_AGGRESSIVE;
				GCC_WARN_UNUSED_FUNCTION = YES;
				GCC_WARN_UNUSED_VARIABLE = YES;
				IPHONEOS_DEPLOYMENT_TARGET = 17.5;
				LOCALIZATION_PREFERS_STRING_CATALOGS = YES;
				MTL_ENABLE_DEBUG_INFO = NO;
				MTL_FAST_MATH = YES;
				SDKROOT = iphoneos;
				SWIFT_COMPILATION_MODE = wholemodule;
				VALIDATE_PRODUCT = YES;
			};
			name = Release;
		};
		53EFAA792C8DC32200AEAE35 /* Debug */ = {
			isa = XCBuildConfiguration;
			buildSettings = {
				ASSETCATALOG_COMPILER_APPICON_NAME = AppIcon;
				ASSETCATALOG_COMPILER_GLOBAL_ACCENT_COLOR_NAME = AccentColor;
				CODE_SIGN_STYLE = Automatic;
				CURRENT_PROJECT_VERSION = 1;
				DEVELOPMENT_ASSET_PATHS = "\"Majority/Preview Content\"";
				DEVELOPMENT_TEAM = ZCF7ZR4CVF;
				ENABLE_PREVIEWS = YES;
				GENERATE_INFOPLIST_FILE = YES;
				INFOPLIST_KEY_UIApplicationSceneManifest_Generation = YES;
				INFOPLIST_KEY_UIApplicationSupportsIndirectInputEvents = YES;
				INFOPLIST_KEY_UILaunchScreen_Generation = YES;
				INFOPLIST_KEY_UISupportedInterfaceOrientations_iPad = "UIInterfaceOrientationPortrait UIInterfaceOrientationPortraitUpsideDown UIInterfaceOrientationLandscapeLeft UIInterfaceOrientationLandscapeRight";
				INFOPLIST_KEY_UISupportedInterfaceOrientations_iPhone = "UIInterfaceOrientationPortrait UIInterfaceOrientationLandscapeLeft UIInterfaceOrientationLandscapeRight";
				LD_RUNPATH_SEARCH_PATHS = (
					"$(inherited)",
					"@executable_path/Frameworks",
				);
				MARKETING_VERSION = 1.0;
				PRODUCT_BUNDLE_IDENTIFIER = com.yugantar.Majority;
				PRODUCT_NAME = "$(TARGET_NAME)";
				SWIFT_EMIT_LOC_STRINGS = YES;
				SWIFT_VERSION = 5.0;
				TARGETED_DEVICE_FAMILY = "1,2";
			};
			name = Debug;
		};
		53EFAA7A2C8DC32200AEAE35 /* Release */ = {
			isa = XCBuildConfiguration;
			buildSettings = {
				ASSETCATALOG_COMPILER_APPICON_NAME = AppIcon;
				ASSETCATALOG_COMPILER_GLOBAL_ACCENT_COLOR_NAME = AccentColor;
				CODE_SIGN_STYLE = Automatic;
				CURRENT_PROJECT_VERSION = 1;
				DEVELOPMENT_ASSET_PATHS = "\"Majority/Preview Content\"";
				DEVELOPMENT_TEAM = ZCF7ZR4CVF;
				ENABLE_PREVIEWS = YES;
				GENERATE_INFOPLIST_FILE = YES;
				INFOPLIST_KEY_UIApplicationSceneManifest_Generation = YES;
				INFOPLIST_KEY_UIApplicationSupportsIndirectInputEvents = YES;
				INFOPLIST_KEY_UILaunchScreen_Generation = YES;
				INFOPLIST_KEY_UISupportedInterfaceOrientations_iPad = "UIInterfaceOrientationPortrait UIInterfaceOrientationPortraitUpsideDown UIInterfaceOrientationLandscapeLeft UIInterfaceOrientationLandscapeRight";
				INFOPLIST_KEY_UISupportedInterfaceOrientations_iPhone = "UIInterfaceOrientationPortrait UIInterfaceOrientationLandscapeLeft UIInterfaceOrientationLandscapeRight";
				LD_RUNPATH_SEARCH_PATHS = (
					"$(inherited)",
					"@executable_path/Frameworks",
				);
				MARKETING_VERSION = 1.0;
				PRODUCT_BUNDLE_IDENTIFIER = com.yugantar.Majority;
				PRODUCT_NAME = "$(TARGET_NAME)";
				SWIFT_EMIT_LOC_STRINGS = YES;
				SWIFT_VERSION = 5.0;
				TARGETED_DEVICE_FAMILY = "1,2";
			};
			name = Release;
		};
		53EFAA7C2C8DC32200AEAE35 /* Debug */ = {
			isa = XCBuildConfiguration;
			buildSettings = {
				ALWAYS_EMBED_SWIFT_STANDARD_LIBRARIES = YES;
				BUNDLE_LOADER = "$(TEST_HOST)";
				CODE_SIGN_STYLE = Automatic;
				CURRENT_PROJECT_VERSION = 1;
				DEVELOPMENT_TEAM = ZCF7ZR4CVF;
				GENERATE_INFOPLIST_FILE = YES;
				IPHONEOS_DEPLOYMENT_TARGET = 17.5;
				MARKETING_VERSION = 1.0;
				PRODUCT_BUNDLE_IDENTIFIER = com.yugantar.MajorityTests;
				PRODUCT_NAME = "$(TARGET_NAME)";
				SWIFT_EMIT_LOC_STRINGS = NO;
				SWIFT_VERSION = 5.0;
				TARGETED_DEVICE_FAMILY = "1,2";
				TEST_HOST = "$(BUILT_PRODUCTS_DIR)/Majority.app/$(BUNDLE_EXECUTABLE_FOLDER_PATH)/Majority";
			};
			name = Debug;
		};
		53EFAA7D2C8DC32200AEAE35 /* Release */ = {
			isa = XCBuildConfiguration;
			buildSettings = {
				ALWAYS_EMBED_SWIFT_STANDARD_LIBRARIES = YES;
				BUNDLE_LOADER = "$(TEST_HOST)";
				CODE_SIGN_STYLE = Automatic;
				CURRENT_PROJECT_VERSION = 1;
				DEVELOPMENT_TEAM = ZCF7ZR4CVF;
				GENERATE_INFOPLIST_FILE = YES;
				IPHONEOS_DEPLOYMENT_TARGET = 17.5;
				MARKETING_VERSION = 1.0;
				PRODUCT_BUNDLE_IDENTIFIER = com.yugantar.MajorityTests;
				PRODUCT_NAME = "$(TARGET_NAME)";
				SWIFT_EMIT_LOC_STRINGS = NO;
				SWIFT_VERSION = 5.0;
				TARGETED_DEVICE_FAMILY = "1,2";
				TEST_HOST = "$(BUILT_PRODUCTS_DIR)/Majority.app/$(BUNDLE_EXECUTABLE_FOLDER_PATH)/Majority";
			};
			name = Release;
		};
		53EFAA7F2C8DC32200AEAE35 /* Debug */ = {
			isa = XCBuildConfiguration;
			buildSettings = {
				ALWAYS_EMBED_SWIFT_STANDARD_LIBRARIES = YES;
				CODE_SIGN_STYLE = Automatic;
				CURRENT_PROJECT_VERSION = 1;
				DEVELOPMENT_TEAM = ZCF7ZR4CVF;
				GENERATE_INFOPLIST_FILE = YES;
				MARKETING_VERSION = 1.0;
				PRODUCT_BUNDLE_IDENTIFIER = com.yugantar.MajorityUITests;
				PRODUCT_NAME = "$(TARGET_NAME)";
				SWIFT_EMIT_LOC_STRINGS = NO;
				SWIFT_VERSION = 5.0;
				TARGETED_DEVICE_FAMILY = "1,2";
				TEST_TARGET_NAME = Majority;
			};
			name = Debug;
		};
		53EFAA802C8DC32200AEAE35 /* Release */ = {
			isa = XCBuildConfiguration;
			buildSettings = {
				ALWAYS_EMBED_SWIFT_STANDARD_LIBRARIES = YES;
				CODE_SIGN_STYLE = Automatic;
				CURRENT_PROJECT_VERSION = 1;
				DEVELOPMENT_TEAM = ZCF7ZR4CVF;
				GENERATE_INFOPLIST_FILE = YES;
				MARKETING_VERSION = 1.0;
				PRODUCT_BUNDLE_IDENTIFIER = com.yugantar.MajorityUITests;
				PRODUCT_NAME = "$(TARGET_NAME)";
				SWIFT_EMIT_LOC_STRINGS = NO;
				SWIFT_VERSION = 5.0;
				TARGETED_DEVICE_FAMILY = "1,2";
				TEST_TARGET_NAME = Majority;
			};
			name = Release;
		};
/* End XCBuildConfiguration section */

/* Begin XCConfigurationList section */
		53EFAA4F2C8DC31F00AEAE35 /* Build configuration list for PBXProject "Majority" */ = {
			isa = XCConfigurationList;
			buildConfigurations = (
				53EFAA762C8DC32200AEAE35 /* Debug */,
				53EFAA772C8DC32200AEAE35 /* Release */,
			);
			defaultConfigurationIsVisible = 0;
			defaultConfigurationName = Release;
		};
		53EFAA782C8DC32200AEAE35 /* Build configuration list for PBXNativeTarget "Majority" */ = {
			isa = XCConfigurationList;
			buildConfigurations = (
				53EFAA792C8DC32200AEAE35 /* Debug */,
				53EFAA7A2C8DC32200AEAE35 /* Release */,
			);
			defaultConfigurationIsVisible = 0;
			defaultConfigurationName = Release;
		};
		53EFAA7B2C8DC32200AEAE35 /* Build configuration list for PBXNativeTarget "MajorityTests" */ = {
			isa = XCConfigurationList;
			buildConfigurations = (
				53EFAA7C2C8DC32200AEAE35 /* Debug */,
				53EFAA7D2C8DC32200AEAE35 /* Release */,
			);
			defaultConfigurationIsVisible = 0;
			defaultConfigurationName = Release;
		};
		53EFAA7E2C8DC32200AEAE35 /* Build configuration list for PBXNativeTarget "MajorityUITests" */ = {
			isa = XCConfigurationList;
			buildConfigurations = (
				53EFAA7F2C8DC32200AEAE35 /* Debug */,
				53EFAA802C8DC32200AEAE35 /* Release */,
			);
			defaultConfigurationIsVisible = 0;
			defaultConfigurationName = Release;
		};
/* End XCConfigurationList section */
	};
	rootObject = 53EFAA4C2C8DC31F00AEAE35 /* Project object */;
}
